// !$*UTF8*$!
{
	archiveVersion = 1;
	classes = {
	};
	objectVersion = 77;
	objects = {

/* Begin PBXContainerItemProxy section */
		86131EDB2CC8E0E20056D5A5 /* PBXContainerItemProxy */ = {
			isa = PBXContainerItemProxy;
			containerPortal = 86131EC22CC8E0E10056D5A5 /* Project object */;
			proxyType = 1;
			remoteGlobalIDString = 86131EC92CC8E0E10056D5A5;
			remoteInfo = WaterTrackerApp;
		};
		86131EE52CC8E0E20056D5A5 /* PBXContainerItemProxy */ = {
			isa = PBXContainerItemProxy;
			containerPortal = 86131EC22CC8E0E10056D5A5 /* Project object */;
			proxyType = 1;
			remoteGlobalIDString = 86131EC92CC8E0E10056D5A5;
			remoteInfo = WaterTrackerApp;
		};
/* End PBXContainerItemProxy section */

/* Begin PBXFileReference section */
		86131ECA2CC8E0E10056D5A5 /* WaterTrackerApp.app */ = {isa = PBXFileReference; explicitFileType = wrapper.application; includeInIndex = 0; path = WaterTrackerApp.app; sourceTree = BUILT_PRODUCTS_DIR; };
		86131EDA2CC8E0E20056D5A5 /* WaterTrackerAppTests.xctest */ = {isa = PBXFileReference; explicitFileType = wrapper.cfbundle; includeInIndex = 0; path = WaterTrackerAppTests.xctest; sourceTree = BUILT_PRODUCTS_DIR; };
		86131EE42CC8E0E20056D5A5 /* WaterTrackerAppUITests.xctest */ = {isa = PBXFileReference; explicitFileType = wrapper.cfbundle; includeInIndex = 0; path = WaterTrackerAppUITests.xctest; sourceTree = BUILT_PRODUCTS_DIR; };
/* End PBXFileReference section */

/* Begin PBXFileSystemSynchronizedRootGroup section */
		86131ECC2CC8E0E10056D5A5 /* WaterTrackerApp */ = {
			isa = PBXFileSystemSynchronizedRootGroup;
			path = WaterTrackerApp;
			sourceTree = "<group>";
		};
		86131EDD2CC8E0E20056D5A5 /* WaterTrackerAppTests */ = {
			isa = PBXFileSystemSynchronizedRootGroup;
			path = WaterTrackerAppTests;
			sourceTree = "<group>";
		};
		86131EE72CC8E0E20056D5A5 /* WaterTrackerAppUITests */ = {
			isa = PBXFileSystemSynchronizedRootGroup;
			path = WaterTrackerAppUITests;
			sourceTree = "<group>";
		};
/* End PBXFileSystemSynchronizedRootGroup section */

/* Begin PBXFrameworksBuildPhase section */
		86131EC72CC8E0E10056D5A5 /* Frameworks */ = {
			isa = PBXFrameworksBuildPhase;
			buildActionMask = 2147483647;
			files = (
			);
			runOnlyForDeploymentPostprocessing = 0;
		};
		86131ED72CC8E0E20056D5A5 /* Frameworks */ = {
			isa = PBXFrameworksBuildPhase;
			buildActionMask = 2147483647;
			files = (
			);
			runOnlyForDeploymentPostprocessing = 0;
		};
		86131EE12CC8E0E20056D5A5 /* Frameworks */ = {
			isa = PBXFrameworksBuildPhase;
			buildActionMask = 2147483647;
			files = (
			);
			runOnlyForDeploymentPostprocessing = 0;
		};
/* End PBXFrameworksBuildPhase section */

/* Begin PBXGroup section */
		86131EC12CC8E0E10056D5A5 = {
			isa = PBXGroup;
			children = (
				86131ECC2CC8E0E10056D5A5 /* WaterTrackerApp */,
				86131EDD2CC8E0E20056D5A5 /* WaterTrackerAppTests */,
				86131EE72CC8E0E20056D5A5 /* WaterTrackerAppUITests */,
				86131ECB2CC8E0E10056D5A5 /* Products */,
			);
			sourceTree = "<group>";
		};
		86131ECB2CC8E0E10056D5A5 /* Products */ = {
			isa = PBXGroup;
			children = (
				86131ECA2CC8E0E10056D5A5 /* WaterTrackerApp.app */,
				86131EDA2CC8E0E20056D5A5 /* WaterTrackerAppTests.xctest */,
				86131EE42CC8E0E20056D5A5 /* WaterTrackerAppUITests.xctest */,
			);
			name = Products;
			sourceTree = "<group>";
		};
/* End PBXGroup section */

/* Begin PBXNativeTarget section */
		86131EC92CC8E0E10056D5A5 /* WaterTrackerApp */ = {
			isa = PBXNativeTarget;
			buildConfigurationList = 86131EEE2CC8E0E20056D5A5 /* Build configuration list for PBXNativeTarget "WaterTrackerApp" */;
			buildPhases = (
				86131EC62CC8E0E10056D5A5 /* Sources */,
				86131EC72CC8E0E10056D5A5 /* Frameworks */,
				86131EC82CC8E0E10056D5A5 /* Resources */,
			);
			buildRules = (
			);
			dependencies = (
			);
			fileSystemSynchronizedGroups = (
				86131ECC2CC8E0E10056D5A5 /* WaterTrackerApp */,
			);
			name = WaterTrackerApp;
			packageProductDependencies = (
			);
			productName = WaterTrackerApp;
			productReference = 86131ECA2CC8E0E10056D5A5 /* WaterTrackerApp.app */;
			productType = "com.apple.product-type.application";
		};
		86131ED92CC8E0E20056D5A5 /* WaterTrackerAppTests */ = {
			isa = PBXNativeTarget;
			buildConfigurationList = 86131EF12CC8E0E20056D5A5 /* Build configuration list for PBXNativeTarget "WaterTrackerAppTests" */;
			buildPhases = (
				86131ED62CC8E0E20056D5A5 /* Sources */,
				86131ED72CC8E0E20056D5A5 /* Frameworks */,
				86131ED82CC8E0E20056D5A5 /* Resources */,
			);
			buildRules = (
			);
			dependencies = (
				86131EDC2CC8E0E20056D5A5 /* PBXTargetDependency */,
			);
			fileSystemSynchronizedGroups = (
				86131EDD2CC8E0E20056D5A5 /* WaterTrackerAppTests */,
			);
			name = WaterTrackerAppTests;
			packageProductDependencies = (
			);
			productName = WaterTrackerAppTests;
			productReference = 86131EDA2CC8E0E20056D5A5 /* WaterTrackerAppTests.xctest */;
			productType = "com.apple.product-type.bundle.unit-test";
		};
		86131EE32CC8E0E20056D5A5 /* WaterTrackerAppUITests */ = {
			isa = PBXNativeTarget;
			buildConfigurationList = 86131EF42CC8E0E20056D5A5 /* Build configuration list for PBXNativeTarget "WaterTrackerAppUITests" */;
			buildPhases = (
				86131EE02CC8E0E20056D5A5 /* Sources */,
				86131EE12CC8E0E20056D5A5 /* Frameworks */,
				86131EE22CC8E0E20056D5A5 /* Resources */,
			);
			buildRules = (
			);
			dependencies = (
				86131EE62CC8E0E20056D5A5 /* PBXTargetDependency */,
			);
			fileSystemSynchronizedGroups = (
				86131EE72CC8E0E20056D5A5 /* WaterTrackerAppUITests */,
			);
			name = WaterTrackerAppUITests;
			packageProductDependencies = (
			);
			productName = WaterTrackerAppUITests;
			productReference = 86131EE42CC8E0E20056D5A5 /* WaterTrackerAppUITests.xctest */;
			productType = "com.apple.product-type.bundle.ui-testing";
		};
/* End PBXNativeTarget section */

/* Begin PBXProject section */
		86131EC22CC8E0E10056D5A5 /* Project object */ = {
			isa = PBXProject;
			attributes = {
				BuildIndependentTargetsInParallel = 1;
				LastSwiftUpdateCheck = 1600;
				LastUpgradeCheck = 1600;
				TargetAttributes = {
					86131EC92CC8E0E10056D5A5 = {
						CreatedOnToolsVersion = 16.0;
					};
					86131ED92CC8E0E20056D5A5 = {
						CreatedOnToolsVersion = 16.0;
						TestTargetID = 86131EC92CC8E0E10056D5A5;
					};
					86131EE32CC8E0E20056D5A5 = {
						CreatedOnToolsVersion = 16.0;
						TestTargetID = 86131EC92CC8E0E10056D5A5;
					};
				};
			};
			buildConfigurationList = 86131EC52CC8E0E10056D5A5 /* Build configuration list for PBXProject "WaterTrackerApp" */;
			developmentRegion = en;
			hasScannedForEncodings = 0;
			knownRegions = (
				en,
				Base,
			);
			mainGroup = 86131EC12CC8E0E10056D5A5;
			minimizedProjectReferenceProxies = 1;
			preferredProjectObjectVersion = 77;
			productRefGroup = 86131ECB2CC8E0E10056D5A5 /* Products */;
			projectDirPath = "";
			projectRoot = "";
			targets = (
				86131EC92CC8E0E10056D5A5 /* WaterTrackerApp */,
				86131ED92CC8E0E20056D5A5 /* WaterTrackerAppTests */,
				86131EE32CC8E0E20056D5A5 /* WaterTrackerAppUITests */,
			);
		};
/* End PBXProject section */

/* Begin PBXResourcesBuildPhase section */
		86131EC82CC8E0E10056D5A5 /* Resources */ = {
			isa = PBXResourcesBuildPhase;
			buildActionMask = 2147483647;
			files = (
			);
			runOnlyForDeploymentPostprocessing = 0;
		};
		86131ED82CC8E0E20056D5A5 /* Resources */ = {
			isa = PBXResourcesBuildPhase;
			buildActionMask = 2147483647;
			files = (
			);
			runOnlyForDeploymentPostprocessing = 0;
		};
		86131EE22CC8E0E20056D5A5 /* Resources */ = {
			isa = PBXResourcesBuildPhase;
			buildActionMask = 2147483647;
			files = (
			);
			runOnlyForDeploymentPostprocessing = 0;
		};
/* End PBXResourcesBuildPhase section */

/* Begin PBXSourcesBuildPhase section */
		86131EC62CC8E0E10056D5A5 /* Sources */ = {
			isa = PBXSourcesBuildPhase;
			buildActionMask = 2147483647;
			files = (
			);
			runOnlyForDeploymentPostprocessing = 0;
		};
		86131ED62CC8E0E20056D5A5 /* Sources */ = {
			isa = PBXSourcesBuildPhase;
			buildActionMask = 2147483647;
			files = (
			);
			runOnlyForDeploymentPostprocessing = 0;
		};
		86131EE02CC8E0E20056D5A5 /* Sources */ = {
			isa = PBXSourcesBuildPhase;
			buildActionMask = 2147483647;
			files = (
			);
			runOnlyForDeploymentPostprocessing = 0;
		};
/* End PBXSourcesBuildPhase section */

/* Begin PBXTargetDependency section */
		86131EDC2CC8E0E20056D5A5 /* PBXTargetDependency */ = {
			isa = PBXTargetDependency;
			target = 86131EC92CC8E0E10056D5A5 /* WaterTrackerApp */;
			targetProxy = 86131EDB2CC8E0E20056D5A5 /* PBXContainerItemProxy */;
		};
		86131EE62CC8E0E20056D5A5 /* PBXTargetDependency */ = {
			isa = PBXTargetDependency;
			target = 86131EC92CC8E0E10056D5A5 /* WaterTrackerApp */;
			targetProxy = 86131EE52CC8E0E20056D5A5 /* PBXContainerItemProxy */;
		};
/* End PBXTargetDependency section */

/* Begin XCBuildConfiguration section */
		86131EEC2CC8E0E20056D5A5 /* Debug */ = {
			isa = XCBuildConfiguration;
			buildSettings = {
				ALWAYS_SEARCH_USER_PATHS = NO;
				ASSETCATALOG_COMPILER_GENERATE_SWIFT_ASSET_SYMBOL_EXTENSIONS = YES;
				CLANG_ANALYZER_NONNULL = YES;
				CLANG_ANALYZER_NUMBER_OBJECT_CONVERSION = YES_AGGRESSIVE;
				CLANG_CXX_LANGUAGE_STANDARD = "gnu++20";
				CLANG_ENABLE_MODULES = YES;
				CLANG_ENABLE_OBJC_ARC = YES;
				CLANG_ENABLE_OBJC_WEAK = YES;
				CLANG_WARN_BLOCK_CAPTURE_AUTORELEASING = YES;
				CLANG_WARN_BOOL_CONVERSION = YES;
				CLANG_WARN_COMMA = YES;
				CLANG_WARN_CONSTANT_CONVERSION = YES;
				CLANG_WARN_DEPRECATED_OBJC_IMPLEMENTATIONS = YES;
				CLANG_WARN_DIRECT_OBJC_ISA_USAGE = YES_ERROR;
				CLANG_WARN_DOCUMENTATION_COMMENTS = YES;
				CLANG_WARN_EMPTY_BODY = YES;
				CLANG_WARN_ENUM_CONVERSION = YES;
				CLANG_WARN_INFINITE_RECURSION = YES;
				CLANG_WARN_INT_CONVERSION = YES;
				CLANG_WARN_NON_LITERAL_NULL_CONVERSION = YES;
				CLANG_WARN_OBJC_IMPLICIT_RETAIN_SELF = YES;
				CLANG_WARN_OBJC_LITERAL_CONVERSION = YES;
				CLANG_WARN_OBJC_ROOT_CLASS = YES_ERROR;
				CLANG_WARN_QUOTED_INCLUDE_IN_FRAMEWORK_HEADER = YES;
				CLANG_WARN_RANGE_LOOP_ANALYSIS = YES;
				CLANG_WARN_STRICT_PROTOTYPES = YES;
				CLANG_WARN_SUSPICIOUS_MOVE = YES;
				CLANG_WARN_UNGUARDED_AVAILABILITY = YES_AGGRESSIVE;
				CLANG_WARN_UNREACHABLE_CODE = YES;
				CLANG_WARN__DUPLICATE_METHOD_MATCH = YES;
				COPY_PHASE_STRIP = NO;
				DEBUG_INFORMATION_FORMAT = dwarf;
				ENABLE_STRICT_OBJC_MSGSEND = YES;
				ENABLE_TESTABILITY = YES;
				ENABLE_USER_SCRIPT_SANDBOXING = YES;
				GCC_C_LANGUAGE_STANDARD = gnu17;
				GCC_DYNAMIC_NO_PIC = NO;
				GCC_NO_COMMON_BLOCKS = YES;
				GCC_OPTIMIZATION_LEVEL = 0;
				GCC_PREPROCESSOR_DEFINITIONS = (
					"DEBUG=1",
					"$(inherited)",
				);
				GCC_WARN_64_TO_32_BIT_CONVERSION = YES;
				GCC_WARN_ABOUT_RETURN_TYPE = YES_ERROR;
				GCC_WARN_UNDECLARED_SELECTOR = YES;
				GCC_WARN_UNINITIALIZED_AUTOS = YES_AGGRESSIVE;
				GCC_WARN_UNUSED_FUNCTION = YES;
				GCC_WARN_UNUSED_VARIABLE = YES;
				IPHONEOS_DEPLOYMENT_TARGET = 18.0;
				LOCALIZATION_PREFERS_STRING_CATALOGS = YES;
				MTL_ENABLE_DEBUG_INFO = INCLUDE_SOURCE;
				MTL_FAST_MATH = YES;
				ONLY_ACTIVE_ARCH = YES;
				SDKROOT = iphoneos;
				SWIFT_ACTIVE_COMPILATION_CONDITIONS = "DEBUG $(inherited)";
				SWIFT_OPTIMIZATION_LEVEL = "-Onone";
			};
			name = Debug;
		};
		86131EED2CC8E0E20056D5A5 /* Release */ = {
			isa = XCBuildConfiguration;
			buildSettings = {
				ALWAYS_SEARCH_USER_PATHS = NO;
				ASSETCATALOG_COMPILER_GENERATE_SWIFT_ASSET_SYMBOL_EXTENSIONS = YES;
				CLANG_ANALYZER_NONNULL = YES;
				CLANG_ANALYZER_NUMBER_OBJECT_CONVERSION = YES_AGGRESSIVE;
				CLANG_CXX_LANGUAGE_STANDARD = "gnu++20";
				CLANG_ENABLE_MODULES = YES;
				CLANG_ENABLE_OBJC_ARC = YES;
				CLANG_ENABLE_OBJC_WEAK = YES;
				CLANG_WARN_BLOCK_CAPTURE_AUTORELEASING = YES;
				CLANG_WARN_BOOL_CONVERSION = YES;
				CLANG_WARN_COMMA = YES;
				CLANG_WARN_CONSTANT_CONVERSION = YES;
				CLANG_WARN_DEPRECATED_OBJC_IMPLEMENTATIONS = YES;
				CLANG_WARN_DIRECT_OBJC_ISA_USAGE = YES_ERROR;
				CLANG_WARN_DOCUMENTATION_COMMENTS = YES;
				CLANG_WARN_EMPTY_BODY = YES;
				CLANG_WARN_ENUM_CONVERSION = YES;
				CLANG_WARN_INFINITE_RECURSION = YES;
				CLANG_WARN_INT_CONVERSION = YES;
				CLANG_WARN_NON_LITERAL_NULL_CONVERSION = YES;
				CLANG_WARN_OBJC_IMPLICIT_RETAIN_SELF = YES;
				CLANG_WARN_OBJC_LITERAL_CONVERSION = YES;
				CLANG_WARN_OBJC_ROOT_CLASS = YES_ERROR;
				CLANG_WARN_QUOTED_INCLUDE_IN_FRAMEWORK_HEADER = YES;
				CLANG_WARN_RANGE_LOOP_ANALYSIS = YES;
				CLANG_WARN_STRICT_PROTOTYPES = YES;
				CLANG_WARN_SUSPICIOUS_MOVE = YES;
				CLANG_WARN_UNGUARDED_AVAILABILITY = YES_AGGRESSIVE;
				CLANG_WARN_UNREACHABLE_CODE = YES;
				CLANG_WARN__DUPLICATE_METHOD_MATCH = YES;
				COPY_PHASE_STRIP = NO;
				DEBUG_INFORMATION_FORMAT = "dwarf-with-dsym";
				ENABLE_NS_ASSERTIONS = NO;
				ENABLE_STRICT_OBJC_MSGSEND = YES;
				ENABLE_USER_SCRIPT_SANDBOXING = YES;
				GCC_C_LANGUAGE_STANDARD = gnu17;
				GCC_NO_COMMON_BLOCKS = YES;
				GCC_WARN_64_TO_32_BIT_CONVERSION = YES;
				GCC_WARN_ABOUT_RETURN_TYPE = YES_ERROR;
				GCC_WARN_UNDECLARED_SELECTOR = YES;
				GCC_WARN_UNINITIALIZED_AUTOS = YES_AGGRESSIVE;
				GCC_WARN_UNUSED_FUNCTION = YES;
				GCC_WARN_UNUSED_VARIABLE = YES;
				IPHONEOS_DEPLOYMENT_TARGET = 18.0;
				LOCALIZATION_PREFERS_STRING_CATALOGS = YES;
				MTL_ENABLE_DEBUG_INFO = NO;
				MTL_FAST_MATH = YES;
				SDKROOT = iphoneos;
				SWIFT_COMPILATION_MODE = wholemodule;
				VALIDATE_PRODUCT = YES;
			};
			name = Release;
		};
		86131EEF2CC8E0E20056D5A5 /* Debug */ = {
			isa = XCBuildConfiguration;
			buildSettings = {
				ASSETCATALOG_COMPILER_APPICON_NAME = AppIcon;
				ASSETCATALOG_COMPILER_GLOBAL_ACCENT_COLOR_NAME = AccentColor;
				CODE_SIGN_STYLE = Automatic;
				CURRENT_PROJECT_VERSION = 1;
				DEVELOPMENT_ASSET_PATHS = "\"WaterTrackerApp/Preview Content\"";
				ENABLE_PREVIEWS = YES;
				GENERATE_INFOPLIST_FILE = YES;
				INFOPLIST_KEY_UIApplicationSceneManifest_Generation = YES;
				INFOPLIST_KEY_UIApplicationSupportsIndirectInputEvents = YES;
				INFOPLIST_KEY_UILaunchScreen_Generation = YES;
				INFOPLIST_KEY_UISupportedInterfaceOrientations_iPad = "UIInterfaceOrientationPortrait UIInterfaceOrientationPortraitUpsideDown UIInterfaceOrientationLandscapeLeft UIInterfaceOrientationLandscapeRight";
				INFOPLIST_KEY_UISupportedInterfaceOrientations_iPhone = "UIInterfaceOrientationPortrait UIInterfaceOrientationLandscapeLeft UIInterfaceOrientationLandscapeRight";
				LD_RUNPATH_SEARCH_PATHS = (
					"$(inherited)",
					"@executable_path/Frameworks",
				);
				MARKETING_VERSION = 1.0;
				PRODUCT_BUNDLE_IDENTIFIER = com.Arafat.WaterTrackerApp;
				PRODUCT_NAME = "$(TARGET_NAME)";
				SWIFT_EMIT_LOC_STRINGS = YES;
				SWIFT_VERSION = 5.0;
				TARGETED_DEVICE_FAMILY = "1,2";
			};
			name = Debug;
		};
		86131EF02CC8E0E20056D5A5 /* Release */ = {
			isa = XCBuildConfiguration;
			buildSettings = {
				ASSETCATALOG_COMPILER_APPICON_NAME = AppIcon;
				ASSETCATALOG_COMPILER_GLOBAL_ACCENT_COLOR_NAME = AccentColor;
				CODE_SIGN_STYLE = Automatic;
				CURRENT_PROJECT_VERSION = 1;
				DEVELOPMENT_ASSET_PATHS = "\"WaterTrackerApp/Preview Content\"";
				ENABLE_PREVIEWS = YES;
				GENERATE_INFOPLIST_FILE = YES;
				INFOPLIST_KEY_UIApplicationSceneManifest_Generation = YES;
				INFOPLIST_KEY_UIApplicationSupportsIndirectInputEvents = YES;
				INFOPLIST_KEY_UILaunchScreen_Generation = YES;
				INFOPLIST_KEY_UISupportedInterfaceOrientations_iPad = "UIInterfaceOrientationPortrait UIInterfaceOrientationPortraitUpsideDown UIInterfaceOrientationLandscapeLeft UIInterfaceOrientationLandscapeRight";
				INFOPLIST_KEY_UISupportedInterfaceOrientations_iPhone = "UIInterfaceOrientationPortrait UIInterfaceOrientationLandscapeLeft UIInterfaceOrientationLandscapeRight";
				LD_RUNPATH_SEARCH_PATHS = (
					"$(inherited)",
					"@executable_path/Frameworks",
				);
				MARKETING_VERSION = 1.0;
				PRODUCT_BUNDLE_IDENTIFIER = com.Arafat.WaterTrackerApp;
				PRODUCT_NAME = "$(TARGET_NAME)";
				SWIFT_EMIT_LOC_STRINGS = YES;
				SWIFT_VERSION = 5.0;
				TARGETED_DEVICE_FAMILY = "1,2";
			};
			name = Release;
		};
		86131EF22CC8E0E20056D5A5 /* Debug */ = {
			isa = XCBuildConfiguration;
			buildSettings = {
				BUNDLE_LOADER = "$(TEST_HOST)";
				CODE_SIGN_STYLE = Automatic;
				CURRENT_PROJECT_VERSION = 1;
				GENERATE_INFOPLIST_FILE = YES;
				IPHONEOS_DEPLOYMENT_TARGET = 18.0;
				MARKETING_VERSION = 1.0;
				PRODUCT_BUNDLE_IDENTIFIER = com.Arafat.WaterTrackerAppTests;
				PRODUCT_NAME = "$(TARGET_NAME)";
				SWIFT_EMIT_LOC_STRINGS = NO;
				SWIFT_VERSION = 5.0;
				TARGETED_DEVICE_FAMILY = "1,2";
				TEST_HOST = "$(BUILT_PRODUCTS_DIR)/WaterTrackerApp.app/$(BUNDLE_EXECUTABLE_FOLDER_PATH)/WaterTrackerApp";
			};
			name = Debug;
		};
		86131EF32CC8E0E20056D5A5 /* Release */ = {
			isa = XCBuildConfiguration;
			buildSettings = {
				BUNDLE_LOADER = "$(TEST_HOST)";
				CODE_SIGN_STYLE = Automatic;
				CURRENT_PROJECT_VERSION = 1;
				GENERATE_INFOPLIST_FILE = YES;
				IPHONEOS_DEPLOYMENT_TARGET = 18.0;
				MARKETING_VERSION = 1.0;
				PRODUCT_BUNDLE_IDENTIFIER = com.Arafat.WaterTrackerAppTests;
				PRODUCT_NAME = "$(TARGET_NAME)";
				SWIFT_EMIT_LOC_STRINGS = NO;
				SWIFT_VERSION = 5.0;
				TARGETED_DEVICE_FAMILY = "1,2";
				TEST_HOST = "$(BUILT_PRODUCTS_DIR)/WaterTrackerApp.app/$(BUNDLE_EXECUTABLE_FOLDER_PATH)/WaterTrackerApp";
			};
			name = Release;
		};
		86131EF52CC8E0E20056D5A5 /* Debug */ = {
			isa = XCBuildConfiguration;
			buildSettings = {
				CODE_SIGN_STYLE = Automatic;
				CURRENT_PROJECT_VERSION = 1;
				GENERATE_INFOPLIST_FILE = YES;
				MARKETING_VERSION = 1.0;
				PRODUCT_BUNDLE_IDENTIFIER = com.Arafat.WaterTrackerAppUITests;
				PRODUCT_NAME = "$(TARGET_NAME)";
				SWIFT_EMIT_LOC_STRINGS = NO;
				SWIFT_VERSION = 5.0;
				TARGETED_DEVICE_FAMILY = "1,2";
				TEST_TARGET_NAME = WaterTrackerApp;
			};
			name = Debug;
		};
		86131EF62CC8E0E20056D5A5 /* Release */ = {
			isa = XCBuildConfiguration;
			buildSettings = {
				CODE_SIGN_STYLE = Automatic;
				CURRENT_PROJECT_VERSION = 1;
				GENERATE_INFOPLIST_FILE = YES;
				MARKETING_VERSION = 1.0;
				PRODUCT_BUNDLE_IDENTIFIER = com.Arafat.WaterTrackerAppUITests;
				PRODUCT_NAME = "$(TARGET_NAME)";
				SWIFT_EMIT_LOC_STRINGS = NO;
				SWIFT_VERSION = 5.0;
				TARGETED_DEVICE_FAMILY = "1,2";
				TEST_TARGET_NAME = WaterTrackerApp;
			};
			name = Release;
		};
/* End XCBuildConfiguration section */

/* Begin XCConfigurationList section */
		86131EC52CC8E0E10056D5A5 /* Build configuration list for PBXProject "WaterTrackerApp" */ = {
			isa = XCConfigurationList;
			buildConfigurations = (
				86131EEC2CC8E0E20056D5A5 /* Debug */,
				86131EED2CC8E0E20056D5A5 /* Release */,
			);
			defaultConfigurationIsVisible = 0;
			defaultConfigurationName = Release;
		};
		86131EEE2CC8E0E20056D5A5 /* Build configuration list for PBXNativeTarget "WaterTrackerApp" */ = {
			isa = XCConfigurationList;
			buildConfigurations = (
				86131EEF2CC8E0E20056D5A5 /* Debug */,
				86131EF02CC8E0E20056D5A5 /* Release */,
			);
			defaultConfigurationIsVisible = 0;
			defaultConfigurationName = Release;
		};
		86131EF12CC8E0E20056D5A5 /* Build configuration list for PBXNativeTarget "WaterTrackerAppTests" */ = {
			isa = XCConfigurationList;
			buildConfigurations = (
				86131EF22CC8E0E20056D5A5 /* Debug */,
				86131EF32CC8E0E20056D5A5 /* Release */,
			);
			defaultConfigurationIsVisible = 0;
			defaultConfigurationName = Release;
		};
		86131EF42CC8E0E20056D5A5 /* Build configuration list for PBXNativeTarget "WaterTrackerAppUITests" */ = {
			isa = XCConfigurationList;
			buildConfigurations = (
				86131EF52CC8E0E20056D5A5 /* Debug */,
				86131EF62CC8E0E20056D5A5 /* Release */,
			);
			defaultConfigurationIsVisible = 0;
			defaultConfigurationName = Release;
		};
/* End XCConfigurationList section */
	};
	rootObject = 86131EC22CC8E0E10056D5A5 /* Project object */;
}
